
Microsoft Visual Studio Solution File, Format Version 12.00
# Visual Studio 2012
Project("{FAE04EC0-301F-11D3-BF4B-00C04F79EFBC}") = "UNICLog", "UNICLog\UNICLog.csproj", "{723127F2-AC69-4CE6-A301-2873B159811E}"
EndProject
Project("{FAE04EC0-301F-11D3-BF4B-00C04F79EFBC}") = "UnicTest", "UnicTest\UnicTest.csproj", "{434F9070-0F8A-481D-9C50-93FB27FC09F7}"
EndProject
Global
	GlobalSection(SolutionConfigurationPlatforms) = preSolution
		Debug|Any CPU = Debug|Any CPU
		Release|Any CPU = Release|Any CPU
	EndGlobalSection
	GlobalSection(ProjectConfigurationPlatforms) = postSolution
		{723127F2-AC69-4CE6-A301-2873B159811E}.Debug|Any CPU.ActiveCfg = Debug|Any CPU
		{723127F2-AC69-4CE6-A301-2873B159811E}.Debug|Any CPU.Build.0 = Debug|Any CPU
		{723127F2-AC69-4CE6-A301-2873B159811E}.Release|Any CPU.ActiveCfg = Release|Any CPU
		{723127F2-AC69-4CE6-A301-2873B159811E}.Release|Any CPU.Build.0 = Release|Any CPU
		{434F9070-0F8A-481D-9C50-93FB27FC09F7}.Debug|Any CPU.ActiveCfg = Debug|Any CPU
		{434F9070-0F8A-481D-9C50-93FB27FC09F7}.Debug|Any CPU.Build.0 = Debug|Any CPU
		{434F9070-0F8A-481D-9C50-93FB27FC09F7}.Release|Any CPU.ActiveCfg = Release|Any CPU
		{434F9070-0F8A-481D-9C50-93FB27FC09F7}.Release|Any CPU.Build.0 = Release|Any CPU
	EndGlobalSection
	GlobalSection(SolutionProperties) = preSolution
		HideSolutionNode = FALSE
	EndGlobalSection
EndGlobal
